Microsoft Visual Studio Solution File, Format Version 12.00
# Visual Studio 2012
Project("{FAE04EC0-301F-11D3-BF4B-00C04F79EFBC}") = "Train_Station", "Train_Station.csproj", "{76BAF05C-9376-4E73-A5BB-244AE4475CD0}"
EndProject
Global
	GlobalSection(SolutionConfigurationPlatforms) = preSolution
	Debug|Any CPU = Debug|Any CPU
	ExportDebug|Any CPU = ExportDebug|Any CPU
	ExportRelease|Any CPU = ExportRelease|Any CPU
	EndGlobalSection
	GlobalSection(ProjectConfigurationPlatforms) = postSolution
		{76BAF05C-9376-4E73-A5BB-244AE4475CD0}.Debug|Any CPU.ActiveCfg = Debug|Any CPU
		{76BAF05C-9376-4E73-A5BB-244AE4475CD0}.Debug|Any CPU.Build.0 = Debug|Any CPU
		{76BAF05C-9376-4E73-A5BB-244AE4475CD0}.ExportDebug|Any CPU.ActiveCfg = ExportDebug|Any CPU
		{76BAF05C-9376-4E73-A5BB-244AE4475CD0}.ExportDebug|Any CPU.Build.0 = ExportDebug|Any CPU
		{76BAF05C-9376-4E73-A5BB-244AE4475CD0}.ExportRelease|Any CPU.ActiveCfg = ExportRelease|Any CPU
		{76BAF05C-9376-4E73-A5BB-244AE4475CD0}.ExportRelease|Any CPU.Build.0 = ExportRelease|Any CPU
	EndGlobalSection
EndGlobal
